github.com/klauspost/compress v1.18.1 h1:bcSGx7UbpBqMChDtsF28Lw6v/G94LPrrbMbdC3JH2co=
github.com/klauspost/compress v1.18.1/go.mod h1:ZQFFVG+MdnR0P+l6wpXgIL4NTtwiKIdBnrBd8Nrxr+0=
github.com/xfmoulet/qoi v0.2.0 h1:+Smrwzy5ptRnPzGm/YHkZfyK9qGUSoOpiEPngGmFv+c=
github.com/xfmoulet/qoi v0.2.0/go.mod h1:uuPUygmV7o8qy7PhiaGAQX0iLiqoUvFEUKjwUFtlaTQ=
